{
  "name": "tinymce",
  "version": "4.9.2",
  "lockfileVersion": 1,
  "requires": true,
  "dependencies": {
    "tinymce-imageupload": {
      "version": "1.0.5",
      "resolved": "http://registry.npm.taobao.org/tinymce-imageupload/download/tinymce-imageupload-1.0.5.tgz",
      "integrity": "sha1-m0mdDSdqS2sjtZW8LIaytKJOCh8=",
      "dev": true
    }
  }
}
